{
  "nodes": {
    "nixpkgs": {
      "locked": {
        "lastModified": 1738680400,
        "narHash": "sha256-ooLh+XW8jfa+91F1nhf9OF7qhuA/y1ChLx6lXDNeY5U=",
        "rev": "799ba5bffed04ced7067a91798353d360788b30d",
        "revCount": 747653,
        "type": "tarball",
        "url": "https://api.flakehub.com/f/pinned/NixOS/nixpkgs/0.1.747653%2Brev-799ba5bffed04ced7067a91798353d360788b30d/0194d302-29da-7009-8f43-5b8a58825954/source.tar.gz"
      },
      "original": {
        "type": "tarball",
        "url": "https://flakehub.com/f/NixOS/nixpkgs/0.1.%2A.tar.gz"
      }
    },
    "nixpkgs_2": {
      "locked": {
        "lastModified": 1773646010,
        "narHash": "sha256-iYrs97hS7p5u4lQzuNWzuALGIOdkPXvjz7bviiBjUu8=",
        "rev": "5b2c2d84341b2afb5647081c1386a80d7a8d8605",
        "revCount": 963917,
        "type": "tarball",
        "url": "https://api.flakehub.com/f/pinned/NixOS/nixpkgs/0.1.963917%2Brev-5b2c2d84341b2afb5647081c1386a80d7a8d8605/019cf724-14a9-7980-aa71-8827def8078d/source.tar.gz"
      },
      "original": {
        "type": "tarball",
        "url": "https://flakehub.com/f/NixOS/nixpkgs/0.1"
      }
    },
    "rlm": {
      "inputs": {
        "nixpkgs": "nixpkgs_2"
      },
      "locked": {
        "lastModified": 1777162556,
        "narHash": "sha256-v3B7mwgg9+V6ygqyf5dacZ/M5lka3ysF++nE8Nh6b0c=",
        "owner": "Cody-W-Tucker",
        "repo": "rlm",
        "rev": "eed64c8087b05c82640e6643852bf5af3053b644",
        "type": "github"
      },
      "original": {
        "owner": "Cody-W-Tucker",
        "repo": "rlm",
        "type": "github"
      }
    },
    "root": {
      "inputs": {
        "nixpkgs": "nixpkgs",
        "rlm": "rlm"
      }
    }
  },
  "root": "root",
  "version": 7
}
