{
  "nodes": {
    "ai-data-extractor": {
      "inputs": {
        "nixpkgs": "nixpkgs"
      },
      "locked": {
        "lastModified": 1777424952,
        "narHash": "sha256-bwFQjHHIUZAODL17jy/jd5cEzYCfaViCWN9d2xgFCgs=",
        "owner": "Cody-W-Tucker",
        "repo": "ai-data-extraction",
        "rev": "14556766d235c46562e406fdd6eff3dd359a2f35",
        "type": "github"
      },
      "original": {
        "owner": "Cody-W-Tucker",
        "repo": "ai-data-extraction",
        "type": "github"
      }
    },
    "nixpkgs": {
      "locked": {
        "lastModified": 1774386573,
        "narHash": "sha256-4hAV26quOxdC6iyG7kYaZcM3VOskcPUrdCQd/nx8obc=",
        "rev": "46db2e09e1d3f113a13c0d7b81e2f221c63b8ce9",
        "revCount": 969196,
        "type": "tarball",
        "url": "https://api.flakehub.com/f/pinned/NixOS/nixpkgs/0.1.969196%2Brev-46db2e09e1d3f113a13c0d7b81e2f221c63b8ce9/019d279e-af65-79ce-92be-5dee7b1e36d4/source.tar.gz"
      },
      "original": {
        "type": "tarball",
        "url": "https://flakehub.com/f/NixOS/nixpkgs/0.1"
      }
    },
    "nixpkgs_2": {
      "locked": {
        "lastModified": 1777954456,
        "narHash": "sha256-hGdgeU2Nk87RAuZyYjyDjFL6LK7dAZN5RE9+hrDTkDU=",
        "rev": "549bd84d6279f9852cae6225e372cc67fb91a4c1",
        "revCount": 992384,
        "type": "tarball",
        "url": "https://api.flakehub.com/f/pinned/NixOS/nixpkgs/0.1.992384%2Brev-549bd84d6279f9852cae6225e372cc67fb91a4c1/019df915-70b5-73a2-a5a4-63c620b45d9f/source.tar.gz"
      },
      "original": {
        "type": "tarball",
        "url": "https://flakehub.com/f/NixOS/nixpkgs/0.1.%2A.tar.gz"
      }
    },
    "nixpkgs_3": {
      "locked": {
        "lastModified": 1773646010,
        "narHash": "sha256-iYrs97hS7p5u4lQzuNWzuALGIOdkPXvjz7bviiBjUu8=",
        "rev": "5b2c2d84341b2afb5647081c1386a80d7a8d8605",
        "revCount": 963917,
        "type": "tarball",
        "url": "https://api.flakehub.com/f/pinned/NixOS/nixpkgs/0.1.963917%2Brev-5b2c2d84341b2afb5647081c1386a80d7a8d8605/019cf724-14a9-7980-aa71-8827def8078d/source.tar.gz"
      },
      "original": {
        "type": "tarball",
        "url": "https://flakehub.com/f/NixOS/nixpkgs/0.1"
      }
    },
    "rlm": {
      "inputs": {
        "nixpkgs": "nixpkgs_3"
      },
      "locked": {
        "lastModified": 1778017203,
        "narHash": "sha256-gi60z89argF4h3kX2/+4lEpK9I9PVoZoldSA1Zaoq5g=",
        "owner": "Cody-W-Tucker",
        "repo": "rlm",
        "rev": "537fdea0a51b2859fee5ab24e2ff268d9ddeb32e",
        "type": "github"
      },
      "original": {
        "owner": "Cody-W-Tucker",
        "repo": "rlm",
        "type": "github"
      }
    },
    "root": {
      "inputs": {
        "ai-data-extractor": "ai-data-extractor",
        "nixpkgs": "nixpkgs_2",
        "rlm": "rlm"
      }
    }
  },
  "root": "root",
  "version": 7
}
